{
    "_meta": {
        "hash": {
            "sha256": "810db769133f6d23f979008db242cd6059c3ae01eba0c15e156eb9d439ce8827"
        },
        "pipfile-spec": 6,
        "requires": {},
        "sources": [
            {
                "name": "pypi",
                "url": "https://pypi.org/simple",
                "verify_ssl": true
            }
        ]
    },
    "default": {
        "dotmap": {
            "hashes": [
                "sha256:3b7b764c3d70cfc3b505c9d2a318e0a3a2ce6c9125189566743cb86eaf382328",
                "sha256:474eaae34456487baa49d91a85543158e834a150056796d49dd906e833e28db8"
            ],
            "index": "pypi",
            "version": "==1.3.14"
        },
        "pycairo": {
            "hashes": [
                "sha256:2c143183280feb67f5beb4e543fd49990c28e7df427301ede04fc550d3562e84"
            ],
            "version": "==1.19.1"
        },
        "pygobject": {
            "hashes": [
                "sha256:012a589aec687bfa809a1ff9f5cd775dc7f6fcec1a6bc7fe88e1002a68f8ba34"
            ],
            "index": "pypi",
            "version": "==3.36.1"
        },
        "selenium": {
            "hashes": [
                "sha256:2d7131d7bc5a5b99a2d9b04aaf2612c411b03b8ca1b1ee8d3de5845a9be2cb3c",
                "sha256:deaf32b60ad91a4611b98d8002757f29e6f2c2d5fcaf202e1c9ad06d6772300d"
            ],
            "index": "pypi",
            "version": "==3.141.0"
        },
        "urllib3": {
            "hashes": [
                "sha256:3018294ebefce6572a474f0604c2021e33b3fd8006ecd11d62107a5d2a963527",
                "sha256:88206b0eb87e6d677d424843ac5209e3fb9d0190d0ee169599165ec25e9d9115"
            ],
            "version": "==1.25.9"
        },
        "xvfbwrapper": {
            "hashes": [
                "sha256:bcf4ae571941b40254faf7a73432dfc119ad21ce688f1fdec533067037ecfc24"
            ],
            "index": "pypi",
            "version": "==0.2.9"
        }
    },
    "develop": {}
}
